
Microsoft Visual Studio Solution File, Format Version 12.00
# Visual Studio Version 16
VisualStudioVersion = 16.0.30204.135
MinimumVisualStudioVersion = 10.0.40219.1
Project("{FAE04EC0-301F-11D3-BF4B-00C04F79EFBC}") = "UserProfileImageUpdater", "UserProfileImageUpdater\UserProfileImageUpdater.csproj", "{BA6D0FC8-CDE8-4DB0-B32F-EEC8E07A0603}"
EndProject
Project("{2150E333-8FDC-42A3-9474-1A3956D46DE8}") = "Solution Items", "Solution Items", "{1D178F96-56C2-423A-8970-6393232C4F86}"
	ProjectSection(SolutionItems) = preProject
		.editorconfig = .editorconfig
	EndProjectSection
EndProject
Project("{FAE04EC0-301F-11D3-BF4B-00C04F79EFBC}") = "GenerateEncryptedPassword", "GenerateEncryptedPassword\GenerateEncryptedPassword.csproj", "{B71CE0AF-F750-41E5-8195-F8990C599A6D}"
EndProject
Global
	GlobalSection(SolutionConfigurationPlatforms) = preSolution
		Debug|Any CPU = Debug|Any CPU
		Release|Any CPU = Release|Any CPU
	EndGlobalSection
	GlobalSection(ProjectConfigurationPlatforms) = postSolution
		{BA6D0FC8-CDE8-4DB0-B32F-EEC8E07A0603}.Debug|Any CPU.ActiveCfg = Debug|Any CPU
		{BA6D0FC8-CDE8-4DB0-B32F-EEC8E07A0603}.Debug|Any CPU.Build.0 = Debug|Any CPU
		{BA6D0FC8-CDE8-4DB0-B32F-EEC8E07A0603}.Release|Any CPU.ActiveCfg = Release|Any CPU
		{BA6D0FC8-CDE8-4DB0-B32F-EEC8E07A0603}.Release|Any CPU.Build.0 = Release|Any CPU
		{B71CE0AF-F750-41E5-8195-F8990C599A6D}.Debug|Any CPU.ActiveCfg = Debug|Any CPU
		{B71CE0AF-F750-41E5-8195-F8990C599A6D}.Debug|Any CPU.Build.0 = Debug|Any CPU
		{B71CE0AF-F750-41E5-8195-F8990C599A6D}.Release|Any CPU.ActiveCfg = Release|Any CPU
		{B71CE0AF-F750-41E5-8195-F8990C599A6D}.Release|Any CPU.Build.0 = Release|Any CPU
	EndGlobalSection
	GlobalSection(SolutionProperties) = preSolution
		HideSolutionNode = FALSE
	EndGlobalSection
	GlobalSection(ExtensibilityGlobals) = postSolution
		SolutionGuid = {82BB7134-408D-4CD2-B407-3B699D272BA6}
	EndGlobalSection
EndGlobal
